{
  "name": "portfolio",
  "version": "1.0.0",
  "lockfileVersion": 3,
  "requires": true,
  "packages": {
    "": {
      "name": "portfolio",
      "version": "1.0.0",
      "license": "ISC",
      "dependencies": {
        "devicons": "^2.0.1"
      }
    },
    "node_modules/devicons": {
      "version": "2.0.1",
      "resolved": "https://registry.npmjs.org/devicons/-/devicons-2.0.1.tgz",
      "integrity": "sha512-6xACitVsVR892+o6OVp6/6QvVYDPJSzYuWGF6aagsCDKKy021buPdvbVUxbbT/GT6FzLixk8AOAQquiEAq0TwQ==",
      "license": "MIT"
    }
  }
}
